
Microsoft Visual Studio Solution File, Format Version 12.00
# Visual Studio Version 16
VisualStudioVersion = 16.0.29123.88
MinimumVisualStudioVersion = 10.0.40219.1
Project("{FAE04EC0-301F-11D3-BF4B-00C04F79EFBC}") = "Birthday Reminder", "Birthday Reminder.csproj", "{820C2E6E-8BCB-4B4C-976F-12DC686B784A}"
EndProject
Global
	GlobalSection(SolutionConfigurationPlatforms) = preSolution
		Debug|Any CPU = Debug|Any CPU
		Release|Any CPU = Release|Any CPU
	EndGlobalSection
	GlobalSection(ProjectConfigurationPlatforms) = postSolution
		{820C2E6E-8BCB-4B4C-976F-12DC686B784A}.Debug|Any CPU.ActiveCfg = Debug|Any CPU
		{820C2E6E-8BCB-4B4C-976F-12DC686B784A}.Debug|Any CPU.Build.0 = Debug|Any CPU
		{820C2E6E-8BCB-4B4C-976F-12DC686B784A}.Release|Any CPU.ActiveCfg = Release|Any CPU
		{820C2E6E-8BCB-4B4C-976F-12DC686B784A}.Release|Any CPU.Build.0 = Release|Any CPU
	EndGlobalSection
	GlobalSection(SolutionProperties) = preSolution
		HideSolutionNode = FALSE
	EndGlobalSection
	GlobalSection(ExtensibilityGlobals) = postSolution
		SolutionGuid = {D9B7510F-8011-4D75-A31B-86F93B51D8C1}
	EndGlobalSection
EndGlobal
